
Microsoft Visual Studio Solution File, Format Version 12.00
# Visual Studio Version 16
VisualStudioVersion = 16.0.30804.86
MinimumVisualStudioVersion = 10.0.40219.1
Project("{FAE04EC0-301F-11D3-BF4B-00C04F79EFBC}") = "Demostracion", "Demostracion\Demostracion.csproj", "{DAB20905-E996-4A79-BF9A-32AA8DABA83E}"
EndProject
Global
	GlobalSection(SolutionConfigurationPlatforms) = preSolution
		Debug|Any CPU = Debug|Any CPU
		Release|Any CPU = Release|Any CPU
	EndGlobalSection
	GlobalSection(ProjectConfigurationPlatforms) = postSolution
		{DAB20905-E996-4A79-BF9A-32AA8DABA83E}.Debug|Any CPU.ActiveCfg = Debug|Any CPU
		{DAB20905-E996-4A79-BF9A-32AA8DABA83E}.Debug|Any CPU.Build.0 = Debug|Any CPU
		{DAB20905-E996-4A79-BF9A-32AA8DABA83E}.Release|Any CPU.ActiveCfg = Release|Any CPU
		{DAB20905-E996-4A79-BF9A-32AA8DABA83E}.Release|Any CPU.Build.0 = Release|Any CPU
	EndGlobalSection
	GlobalSection(SolutionProperties) = preSolution
		HideSolutionNode = FALSE
	EndGlobalSection
	GlobalSection(ExtensibilityGlobals) = postSolution
		SolutionGuid = {354CAF56-ECE2-43BF-AC2E-9BA33DB5D157}
	EndGlobalSection
EndGlobal
